
Microsoft Visual Studio Solution File, Format Version 12.00
# Visual Studio Version 17
VisualStudioVersion = 17.0.31912.275
MinimumVisualStudioVersion = 10.0.40219.1
Project("{9A19103F-16F7-4668-BE54-9A1E7A4F7556}") = "Day01", "Exc01\Day01.csproj", "{2238FAE2-0B51-46E9-A659-EA39333D7837}"
EndProject
Project("{9A19103F-16F7-4668-BE54-9A1E7A4F7556}") = "Day02", "Day02\Day02.csproj", "{D7D093DB-DC54-46DC-BB99-A30663E1A082}"
EndProject
Project("{9A19103F-16F7-4668-BE54-9A1E7A4F7556}") = "Day03", "Day03\Day03.csproj", "{D43CA2CF-2CBE-4393-8E77-A67C88D0E0BF}"
EndProject
Project("{9A19103F-16F7-4668-BE54-9A1E7A4F7556}") = "Day04", "Day04\Day04.csproj", "{A26D63FE-5B46-4B83-A178-E7C02D72218E}"
EndProject
Project("{9A19103F-16F7-4668-BE54-9A1E7A4F7556}") = "Day05", "Day05\Day05.csproj", "{F4F0A270-6F30-44E1-9FF8-3DD72430FBAE}"
EndProject
Project("{9A19103F-16F7-4668-BE54-9A1E7A4F7556}") = "Day06", "Day06\Day06.csproj", "{BD871C11-BB23-42B9-8781-17503E9ECD97}"
EndProject
Project("{9A19103F-16F7-4668-BE54-9A1E7A4F7556}") = "Day12", "Day12\Day12.csproj", "{FACBFED9-EF8A-45D4-962F-063361D208AA}"
EndProject
Project("{9A19103F-16F7-4668-BE54-9A1E7A4F7556}") = "Day13", "Day13\Day13.csproj", "{F664E3F1-9B82-4226-9A53-086C73920159}"
EndProject
Project("{9A19103F-16F7-4668-BE54-9A1E7A4F7556}") = "Day14", "Day14\Day14.csproj", "{3F211232-6B82-4C6F-A33E-B77A271B4138}"
EndProject
Project("{9A19103F-16F7-4668-BE54-9A1E7A4F7556}") = "Day15", "Day15\Day15.csproj", "{F193FEB4-5765-40FA-9851-C414FFDD64E2}"
EndProject
Project("{9A19103F-16F7-4668-BE54-9A1E7A4F7556}") = "Day07", "Day07\Day07.csproj", "{6C3E9E52-8AF5-43E2-AC43-43E699889F7D}"
EndProject
Project("{9A19103F-16F7-4668-BE54-9A1E7A4F7556}") = "Day08", "Day08\Day08.csproj", "{7B75E9AD-13EC-4554-B68A-32F5DD6851A3}"
EndProject
Project("{9A19103F-16F7-4668-BE54-9A1E7A4F7556}") = "Day09", "Day09\Day09.csproj", "{12AC42EB-9A63-4F72-AC24-9A0DA74F5370}"
EndProject
Project("{9A19103F-16F7-4668-BE54-9A1E7A4F7556}") = "Day10", "Day10\Day10.csproj", "{8078F60D-0A4B-407D-B3AD-1D1782E30A57}"
EndProject
Project("{9A19103F-16F7-4668-BE54-9A1E7A4F7556}") = "Day11", "Day11\Day11.csproj", "{E10013CE-6784-4FA0-98FF-1C6B0711F923}"
EndProject
Project("{9A19103F-16F7-4668-BE54-9A1E7A4F7556}") = "Day16", "Day16\Day16.csproj", "{DE11B499-C748-41BA-A06E-59AEDFCC56A2}"
EndProject
Project("{9A19103F-16F7-4668-BE54-9A1E7A4F7556}") = "Day17", "Day17\Day17.csproj", "{CDC48A6F-1478-4214-9FA6-22DAEF42857E}"
EndProject
Project("{9A19103F-16F7-4668-BE54-9A1E7A4F7556}") = "Day18", "Day18\Day18.csproj", "{8BB3E407-9B32-4E00-AF18-1D97BC1FA3BE}"
EndProject
Project("{9A19103F-16F7-4668-BE54-9A1E7A4F7556}") = "Day19", "Day19\Day19.csproj", "{E5AF47A1-4BF2-4FC9-AE4F-672CD8A517CE}"
EndProject
Project("{9A19103F-16F7-4668-BE54-9A1E7A4F7556}") = "Day20", "Day20\Day20.csproj", "{BA38A77B-2EBD-4FBA-9536-2CBC9B500408}"
EndProject
Project("{9A19103F-16F7-4668-BE54-9A1E7A4F7556}") = "Day21", "Day21\Day21.csproj", "{BE0CCE7D-F422-4A99-A003-85433AFFFFEC}"
EndProject
Project("{9A19103F-16F7-4668-BE54-9A1E7A4F7556}") = "Day22", "Day22\Day22.csproj", "{E100E824-919F-477D-9DF0-1F58E1B138DC}"
EndProject
Project("{9A19103F-16F7-4668-BE54-9A1E7A4F7556}") = "Day23", "Day23\Day23.csproj", "{162A1CA3-E108-45D8-9278-00B8AFC6EB03}"
EndProject
Project("{9A19103F-16F7-4668-BE54-9A1E7A4F7556}") = "Day24", "Day24\Day24.csproj", "{04732EC3-69C0-47C2-B360-6DF2E8371EB4}"
EndProject
Project("{FAE04EC0-301F-11D3-BF4B-00C04F79EFBC}") = "Day25", "Day25\Day25.csproj", "{A8535BE8-CEBE-4330-978F-F77A1EF20E35}"
EndProject
Global
	GlobalSection(SolutionConfigurationPlatforms) = preSolution
		Debug|Any CPU = Debug|Any CPU
		Release|Any CPU = Release|Any CPU
	EndGlobalSection
	GlobalSection(ProjectConfigurationPlatforms) = postSolution
		{2238FAE2-0B51-46E9-A659-EA39333D7837}.Debug|Any CPU.ActiveCfg = Debug|Any CPU
		{2238FAE2-0B51-46E9-A659-EA39333D7837}.Release|Any CPU.ActiveCfg = Release|Any CPU
		{2238FAE2-0B51-46E9-A659-EA39333D7837}.Release|Any CPU.Build.0 = Release|Any CPU
		{D7D093DB-DC54-46DC-BB99-A30663E1A082}.Debug|Any CPU.ActiveCfg = Debug|Any CPU
		{D7D093DB-DC54-46DC-BB99-A30663E1A082}.Release|Any CPU.ActiveCfg = Release|Any CPU
		{D7D093DB-DC54-46DC-BB99-A30663E1A082}.Release|Any CPU.Build.0 = Release|Any CPU
		{D43CA2CF-2CBE-4393-8E77-A67C88D0E0BF}.Debug|Any CPU.ActiveCfg = Debug|Any CPU
		{D43CA2CF-2CBE-4393-8E77-A67C88D0E0BF}.Release|Any CPU.ActiveCfg = Release|Any CPU
		{D43CA2CF-2CBE-4393-8E77-A67C88D0E0BF}.Release|Any CPU.Build.0 = Release|Any CPU
		{A26D63FE-5B46-4B83-A178-E7C02D72218E}.Debug|Any CPU.ActiveCfg = Debug|Any CPU
		{A26D63FE-5B46-4B83-A178-E7C02D72218E}.Release|Any CPU.ActiveCfg = Release|Any CPU
		{A26D63FE-5B46-4B83-A178-E7C02D72218E}.Release|Any CPU.Build.0 = Release|Any CPU
		{F4F0A270-6F30-44E1-9FF8-3DD72430FBAE}.Debug|Any CPU.ActiveCfg = Debug|Any CPU
		{F4F0A270-6F30-44E1-9FF8-3DD72430FBAE}.Release|Any CPU.ActiveCfg = Release|Any CPU
		{F4F0A270-6F30-44E1-9FF8-3DD72430FBAE}.Release|Any CPU.Build.0 = Release|Any CPU
		{BD871C11-BB23-42B9-8781-17503E9ECD97}.Debug|Any CPU.ActiveCfg = Debug|Any CPU
		{BD871C11-BB23-42B9-8781-17503E9ECD97}.Release|Any CPU.ActiveCfg = Release|Any CPU
		{BD871C11-BB23-42B9-8781-17503E9ECD97}.Release|Any CPU.Build.0 = Release|Any CPU
		{FACBFED9-EF8A-45D4-962F-063361D208AA}.Debug|Any CPU.ActiveCfg = Debug|Any CPU
		{FACBFED9-EF8A-45D4-962F-063361D208AA}.Release|Any CPU.ActiveCfg = Release|Any CPU
		{FACBFED9-EF8A-45D4-962F-063361D208AA}.Release|Any CPU.Build.0 = Release|Any CPU
		{F664E3F1-9B82-4226-9A53-086C73920159}.Debug|Any CPU.ActiveCfg = Debug|Any CPU
		{F664E3F1-9B82-4226-9A53-086C73920159}.Release|Any CPU.ActiveCfg = Release|Any CPU
		{F664E3F1-9B82-4226-9A53-086C73920159}.Release|Any CPU.Build.0 = Release|Any CPU
		{3F211232-6B82-4C6F-A33E-B77A271B4138}.Debug|Any CPU.ActiveCfg = Debug|Any CPU
		{3F211232-6B82-4C6F-A33E-B77A271B4138}.Release|Any CPU.ActiveCfg = Release|Any CPU
		{3F211232-6B82-4C6F-A33E-B77A271B4138}.Release|Any CPU.Build.0 = Release|Any CPU
		{F193FEB4-5765-40FA-9851-C414FFDD64E2}.Debug|Any CPU.ActiveCfg = Debug|Any CPU
		{F193FEB4-5765-40FA-9851-C414FFDD64E2}.Release|Any CPU.ActiveCfg = Release|Any CPU
		{F193FEB4-5765-40FA-9851-C414FFDD64E2}.Release|Any CPU.Build.0 = Release|Any CPU
		{6C3E9E52-8AF5-43E2-AC43-43E699889F7D}.Debug|Any CPU.ActiveCfg = Debug|Any CPU
		{6C3E9E52-8AF5-43E2-AC43-43E699889F7D}.Release|Any CPU.ActiveCfg = Release|Any CPU
		{6C3E9E52-8AF5-43E2-AC43-43E699889F7D}.Release|Any CPU.Build.0 = Release|Any CPU
		{7B75E9AD-13EC-4554-B68A-32F5DD6851A3}.Debug|Any CPU.ActiveCfg = Debug|Any CPU
		{7B75E9AD-13EC-4554-B68A-32F5DD6851A3}.Release|Any CPU.ActiveCfg = Release|Any CPU
		{7B75E9AD-13EC-4554-B68A-32F5DD6851A3}.Release|Any CPU.Build.0 = Release|Any CPU
		{12AC42EB-9A63-4F72-AC24-9A0DA74F5370}.Debug|Any CPU.ActiveCfg = Debug|Any CPU
		{12AC42EB-9A63-4F72-AC24-9A0DA74F5370}.Release|Any CPU.ActiveCfg = Release|Any CPU
		{12AC42EB-9A63-4F72-AC24-9A0DA74F5370}.Release|Any CPU.Build.0 = Release|Any CPU
		{8078F60D-0A4B-407D-B3AD-1D1782E30A57}.Debug|Any CPU.ActiveCfg = Debug|Any CPU
		{8078F60D-0A4B-407D-B3AD-1D1782E30A57}.Release|Any CPU.ActiveCfg = Release|Any CPU
		{8078F60D-0A4B-407D-B3AD-1D1782E30A57}.Release|Any CPU.Build.0 = Release|Any CPU
		{E10013CE-6784-4FA0-98FF-1C6B0711F923}.Debug|Any CPU.ActiveCfg = Debug|Any CPU
		{E10013CE-6784-4FA0-98FF-1C6B0711F923}.Release|Any CPU.ActiveCfg = Release|Any CPU
		{E10013CE-6784-4FA0-98FF-1C6B0711F923}.Release|Any CPU.Build.0 = Release|Any CPU
		{DE11B499-C748-41BA-A06E-59AEDFCC56A2}.Debug|Any CPU.ActiveCfg = Debug|Any CPU
		{DE11B499-C748-41BA-A06E-59AEDFCC56A2}.Release|Any CPU.ActiveCfg = Release|Any CPU
		{DE11B499-C748-41BA-A06E-59AEDFCC56A2}.Release|Any CPU.Build.0 = Release|Any CPU
		{CDC48A6F-1478-4214-9FA6-22DAEF42857E}.Debug|Any CPU.ActiveCfg = Debug|Any CPU
		{CDC48A6F-1478-4214-9FA6-22DAEF42857E}.Release|Any CPU.ActiveCfg = Release|Any CPU
		{CDC48A6F-1478-4214-9FA6-22DAEF42857E}.Release|Any CPU.Build.0 = Release|Any CPU
		{8BB3E407-9B32-4E00-AF18-1D97BC1FA3BE}.Debug|Any CPU.ActiveCfg = Debug|Any CPU
		{8BB3E407-9B32-4E00-AF18-1D97BC1FA3BE}.Release|Any CPU.ActiveCfg = Release|Any CPU
		{8BB3E407-9B32-4E00-AF18-1D97BC1FA3BE}.Release|Any CPU.Build.0 = Release|Any CPU
		{E5AF47A1-4BF2-4FC9-AE4F-672CD8A517CE}.Debug|Any CPU.ActiveCfg = Debug|Any CPU
		{E5AF47A1-4BF2-4FC9-AE4F-672CD8A517CE}.Release|Any CPU.ActiveCfg = Release|Any CPU
		{E5AF47A1-4BF2-4FC9-AE4F-672CD8A517CE}.Release|Any CPU.Build.0 = Release|Any CPU
		{BA38A77B-2EBD-4FBA-9536-2CBC9B500408}.Debug|Any CPU.ActiveCfg = Debug|Any CPU
		{BA38A77B-2EBD-4FBA-9536-2CBC9B500408}.Release|Any CPU.ActiveCfg = Release|Any CPU
		{BA38A77B-2EBD-4FBA-9536-2CBC9B500408}.Release|Any CPU.Build.0 = Release|Any CPU
		{BE0CCE7D-F422-4A99-A003-85433AFFFFEC}.Debug|Any CPU.ActiveCfg = Debug|Any CPU
		{BE0CCE7D-F422-4A99-A003-85433AFFFFEC}.Release|Any CPU.ActiveCfg = Release|Any CPU
		{BE0CCE7D-F422-4A99-A003-85433AFFFFEC}.Release|Any CPU.Build.0 = Release|Any CPU
		{E100E824-919F-477D-9DF0-1F58E1B138DC}.Debug|Any CPU.ActiveCfg = Debug|Any CPU
		{E100E824-919F-477D-9DF0-1F58E1B138DC}.Release|Any CPU.ActiveCfg = Release|Any CPU
		{E100E824-919F-477D-9DF0-1F58E1B138DC}.Release|Any CPU.Build.0 = Release|Any CPU
		{162A1CA3-E108-45D8-9278-00B8AFC6EB03}.Debug|Any CPU.ActiveCfg = Debug|Any CPU
		{162A1CA3-E108-45D8-9278-00B8AFC6EB03}.Release|Any CPU.ActiveCfg = Release|Any CPU
		{162A1CA3-E108-45D8-9278-00B8AFC6EB03}.Release|Any CPU.Build.0 = Release|Any CPU
		{04732EC3-69C0-47C2-B360-6DF2E8371EB4}.Debug|Any CPU.ActiveCfg = Debug|Any CPU
		{04732EC3-69C0-47C2-B360-6DF2E8371EB4}.Debug|Any CPU.Build.0 = Debug|Any CPU
		{04732EC3-69C0-47C2-B360-6DF2E8371EB4}.Release|Any CPU.ActiveCfg = Release|Any CPU
		{04732EC3-69C0-47C2-B360-6DF2E8371EB4}.Release|Any CPU.Build.0 = Release|Any CPU
		{A8535BE8-CEBE-4330-978F-F77A1EF20E35}.Debug|Any CPU.ActiveCfg = Debug|Any CPU
		{A8535BE8-CEBE-4330-978F-F77A1EF20E35}.Debug|Any CPU.Build.0 = Debug|Any CPU
		{A8535BE8-CEBE-4330-978F-F77A1EF20E35}.Release|Any CPU.ActiveCfg = Release|Any CPU
		{A8535BE8-CEBE-4330-978F-F77A1EF20E35}.Release|Any CPU.Build.0 = Release|Any CPU
	EndGlobalSection
	GlobalSection(SolutionProperties) = preSolution
		HideSolutionNode = FALSE
	EndGlobalSection
	GlobalSection(ExtensibilityGlobals) = postSolution
		SolutionGuid = {919C4BFE-92C9-4B07-847F-0D755D901BDE}
	EndGlobalSection
EndGlobal
